// !$*UTF8*$!
{
	archiveVersion = 1;
	classes = {
	};
	objectVersion = 56;
	objects = {

/* Begin PBXBuildFile section */
		331929F62A3E968800FD0BAD /* Setting_Title.swift in Sources */ = {isa = PBXBuildFile; fileRef = 331929F52A3E968800FD0BAD /* Setting_Title.swift */; };
		331929F82A3E969400FD0BAD /* Setting_sub.swift in Sources */ = {isa = PBXBuildFile; fileRef = 331929F72A3E969400FD0BAD /* Setting_sub.swift */; };
		331929FA2A3E978F00FD0BAD /* Time_TimeBoxPart.swift in Sources */ = {isa = PBXBuildFile; fileRef = 331929F92A3E978F00FD0BAD /* Time_TimeBoxPart.swift */; };
		331929FE2A3E97B800FD0BAD /* Time_TimeDay.swift in Sources */ = {isa = PBXBuildFile; fileRef = 331929FD2A3E97B800FD0BAD /* Time_TimeDay.swift */; };
		33192A002A3E97C300FD0BAD /* Time_TimeDay1.swift in Sources */ = {isa = PBXBuildFile; fileRef = 331929FF2A3E97C300FD0BAD /* Time_TimeDay1.swift */; };
		33192A022A3E97CE00FD0BAD /* Time_TimeDay2.swift in Sources */ = {isa = PBXBuildFile; fileRef = 33192A012A3E97CE00FD0BAD /* Time_TimeDay2.swift */; };
		33192A042A3E97E200FD0BAD /* Time_TimeLinePart.swift in Sources */ = {isa = PBXBuildFile; fileRef = 33192A032A3E97E200FD0BAD /* Time_TimeLinePart.swift */; };
		33192A062A3E97ED00FD0BAD /* Time_Callender.swift in Sources */ = {isa = PBXBuildFile; fileRef = 33192A052A3E97ED00FD0BAD /* Time_Callender.swift */; };
		33192A082A3E980800FD0BAD /* Time_number.swift in Sources */ = {isa = PBXBuildFile; fileRef = 33192A072A3E980800FD0BAD /* Time_number.swift */; };
		33AB610B2A239D8C0001AAAE /* Time_info.swift in Sources */ = {isa = PBXBuildFile; fileRef = 33AB610A2A239D8C0001AAAE /* Time_info.swift */; };
		6F0C67662A0DDC690076658E /* GI_App_ProjectApp.swift in Sources */ = {isa = PBXBuildFile; fileRef = 6F0C67652A0DDC690076658E /* GI_App_ProjectApp.swift */; };
		6F0C67682A0DDC690076658E /* ContentView.swift in Sources */ = {isa = PBXBuildFile; fileRef = 6F0C67672A0DDC690076658E /* ContentView.swift */; };
		6F0C676A2A0DDC6A0076658E /* Assets.xcassets in Resources */ = {isa = PBXBuildFile; fileRef = 6F0C67692A0DDC6A0076658E /* Assets.xcassets */; };
		6F0C676D2A0DDC6A0076658E /* Preview Assets.xcassets in Resources */ = {isa = PBXBuildFile; fileRef = 6F0C676C2A0DDC6A0076658E /* Preview Assets.xcassets */; };
		6F0C67772A0DDC6A0076658E /* GI_App_ProjectTests.swift in Sources */ = {isa = PBXBuildFile; fileRef = 6F0C67762A0DDC6A0076658E /* GI_App_ProjectTests.swift */; };
		6F0C67812A0DDC6A0076658E /* GI_App_ProjectUITests.swift in Sources */ = {isa = PBXBuildFile; fileRef = 6F0C67802A0DDC6A0076658E /* GI_App_ProjectUITests.swift */; };
		6F0C67832A0DDC6A0076658E /* GI_App_ProjectUITestsLaunchTests.swift in Sources */ = {isa = PBXBuildFile; fileRef = 6F0C67822A0DDC6A0076658E /* GI_App_ProjectUITestsLaunchTests.swift */; };
		6F0C67902A0DDD700076658E /* .gitattributes in Resources */ = {isa = PBXBuildFile; fileRef = 6F0C678F2A0DDD700076658E /* .gitattributes */; };
		6F0C67922A0DDE760076658E /* HomeView.swift in Sources */ = {isa = PBXBuildFile; fileRef = 6F0C67912A0DDE760076658E /* HomeView.swift */; };
		6F0C67942A0DDE9B0076658E /* TimeView.swift in Sources */ = {isa = PBXBuildFile; fileRef = 6F0C67932A0DDE9B0076658E /* TimeView.swift */; };
		6F0C67962A0DDEA90076658E /* MealView.swift in Sources */ = {isa = PBXBuildFile; fileRef = 6F0C67952A0DDEA90076658E /* MealView.swift */; };
		6F0C67982A0DDEB90076658E /* SettingView.swift in Sources */ = {isa = PBXBuildFile; fileRef = 6F0C67972A0DDEB90076658E /* SettingView.swift */; };
		6F0C679A2A0DE0D30076658E /* Home_NoticePart.swift in Sources */ = {isa = PBXBuildFile; fileRef = 6F0C67992A0DE0D30076658E /* Home_NoticePart.swift */; };
		6F0C679C2A0DE3350076658E /* Home_MealPart.swift in Sources */ = {isa = PBXBuildFile; fileRef = 6F0C679B2A0DE3350076658E /* Home_MealPart.swift */; };
		6F0C679E2A11BD2E0076658E /* Home_TimeLinePart_One.swift in Sources */ = {isa = PBXBuildFile; fileRef = 6F0C679D2A11BD2E0076658E /* Home_TimeLinePart_One.swift */; };
		6F0C67A22A1314D20076658E /* Home_TimeLinePart_selection.swift in Sources */ = {isa = PBXBuildFile; fileRef = 6F0C67A12A1314D20076658E /* Home_TimeLinePart_selection.swift */; };
		6F32BD1F2A302E1D00D59A0F /* Logo.xcassets in Resources */ = {isa = PBXBuildFile; fileRef = 6F32BD1E2A302E1C00D59A0F /* Logo.xcassets */; };
		6F32BD5C2A32B64C00D59A0F /* FirebaseStorage in Frameworks */ = {isa = PBXBuildFile; productRef = 6F32BD5B2A32B64C00D59A0F /* FirebaseStorage */; };
		6F32BD5E2A32B9A000D59A0F /* StorageManager.swift in Sources */ = {isa = PBXBuildFile; fileRef = 6F32BD5D2A32B9A000D59A0F /* StorageManager.swift */; };
		6F74E1442A3FEE9300D4E3DF /* OtherItems.xcassets in Resources */ = {isa = PBXBuildFile; fileRef = 6F74E1432A3FEE9300D4E3DF /* OtherItems.xcassets */; };
		6F74E1602A3FF8A600D4E3DF /* Time_TimeBox.swift in Sources */ = {isa = PBXBuildFile; fileRef = 6F74E15F2A3FF8A600D4E3DF /* Time_TimeBox.swift */; };
		6F74E1622A4000B300D4E3DF /* LabSelectedButton.swift in Sources */ = {isa = PBXBuildFile; fileRef = 6F74E1612A4000B200D4E3DF /* LabSelectedButton.swift */; };
		6F86A3082A1D9E30002A9119 /* MealDataFetcher.swift in Sources */ = {isa = PBXBuildFile; fileRef = 6F86A3072A1D9E30002A9119 /* MealDataFetcher.swift */; };
		6F86A34A2A26D557002A9119 /* GoogleService-Info.plist in Resources */ = {isa = PBXBuildFile; fileRef = 6F86A3492A26D557002A9119 /* GoogleService-Info.plist */; };
		6F86A34D2A26D757002A9119 /* FirebaseAuth in Frameworks */ = {isa = PBXBuildFile; productRef = 6F86A34C2A26D757002A9119 /* FirebaseAuth */; };
		6F86A34F2A26D757002A9119 /* FirebaseFirestore in Frameworks */ = {isa = PBXBuildFile; productRef = 6F86A34E2A26D757002A9119 /* FirebaseFirestore */; };
		6F86A3512A26D757002A9119 /* FirebaseFirestoreSwift in Frameworks */ = {isa = PBXBuildFile; productRef = 6F86A3502A26D757002A9119 /* FirebaseFirestoreSwift */; };
		6F86A3532A26D79D002A9119 /* MainView.swift in Sources */ = {isa = PBXBuildFile; fileRef = 6F86A3522A26D79C002A9119 /* MainView.swift */; };
		6F86A3552A26D8AE002A9119 /* AuthViewModel.swift in Sources */ = {isa = PBXBuildFile; fileRef = 6F86A3542A26D8AE002A9119 /* AuthViewModel.swift */; };
		6F86A3572A26DD6A002A9119 /* User.swift in Sources */ = {isa = PBXBuildFile; fileRef = 6F86A3562A26DD6A002A9119 /* User.swift */; };
		6F9AAA2A2A2823E900630A44 /* LoginState.swift in Sources */ = {isa = PBXBuildFile; fileRef = 6F9AAA292A2823E800630A44 /* LoginState.swift */; };
		6F9AAA2C2A2824AD00630A44 /* SignInView.swift in Sources */ = {isa = PBXBuildFile; fileRef = 6F9AAA2B2A2824AD00630A44 /* SignInView.swift */; };
		6F9AAA2E2A2824C400630A44 /* SignUpView.swift in Sources */ = {isa = PBXBuildFile; fileRef = 6F9AAA2D2A2824C400630A44 /* SignUpView.swift */; };
		6F9AAA322A2824E600630A44 /* SignOutView.swift in Sources */ = {isa = PBXBuildFile; fileRef = 6F9AAA312A2824E600630A44 /* SignOutView.swift */; };
		6F9AAA342A282FF600630A44 /* Home_TimeLinePart_Two.swift in Sources */ = {isa = PBXBuildFile; fileRef = 6F9AAA332A282FF600630A44 /* Home_TimeLinePart_Two.swift */; };
		6F9AAA362A28300400630A44 /* Home_TimeLinePart_Three.swift in Sources */ = {isa = PBXBuildFile; fileRef = 6F9AAA352A28300400630A44 /* Home_TimeLinePart_Three.swift */; };
		6F9AAA382A28301B00630A44 /* Home_TimeLinePart.swift in Sources */ = {isa = PBXBuildFile; fileRef = 6F9AAA372A28301B00630A44 /* Home_TimeLinePart.swift */; };
		6F9AAA3B2A28362E00630A44 /* LookinServer in Frameworks */ = {isa = PBXBuildFile; productRef = 6F9AAA3A2A28362E00630A44 /* LookinServer */; };
		6FA234F92A1C5F6D0083A774 /* MealData.swift in Sources */ = {isa = PBXBuildFile; fileRef = 6FA234F82A1C5F6D0083A774 /* MealData.swift */; };
/* End PBXBuildFile section */

/* Begin PBXContainerItemProxy section */
		6F0C67732A0DDC6A0076658E /* PBXContainerItemProxy */ = {
			isa = PBXContainerItemProxy;
			containerPortal = 6F0C675A2A0DDC690076658E /* Project object */;
			proxyType = 1;
			remoteGlobalIDString = 6F0C67612A0DDC690076658E;
			remoteInfo = GI_App_Project;
		};
		6F0C677D2A0DDC6A0076658E /* PBXContainerItemProxy */ = {
			isa = PBXContainerItemProxy;
			containerPortal = 6F0C675A2A0DDC690076658E /* Project object */;
			proxyType = 1;
			remoteGlobalIDString = 6F0C67612A0DDC690076658E;
			remoteInfo = GI_App_Project;
		};
/* End PBXContainerItemProxy section */

/* Begin PBXFileReference section */
		331929F52A3E968800FD0BAD /* Setting_Title.swift */ = {isa = PBXFileReference; lastKnownFileType = sourcecode.swift; path = Setting_Title.swift; sourceTree = "<group>"; };
		331929F72A3E969400FD0BAD /* Setting_sub.swift */ = {isa = PBXFileReference; lastKnownFileType = sourcecode.swift; path = Setting_sub.swift; sourceTree = "<group>"; };
		331929F92A3E978F00FD0BAD /* Time_TimeBoxPart.swift */ = {isa = PBXFileReference; lastKnownFileType = sourcecode.swift; path = Time_TimeBoxPart.swift; sourceTree = "<group>"; };
		331929FD2A3E97B800FD0BAD /* Time_TimeDay.swift */ = {isa = PBXFileReference; lastKnownFileType = sourcecode.swift; path = Time_TimeDay.swift; sourceTree = "<group>"; };
		331929FF2A3E97C300FD0BAD /* Time_TimeDay1.swift */ = {isa = PBXFileReference; lastKnownFileType = sourcecode.swift; path = Time_TimeDay1.swift; sourceTree = "<group>"; };
		33192A012A3E97CE00FD0BAD /* Time_TimeDay2.swift */ = {isa = PBXFileReference; lastKnownFileType = sourcecode.swift; path = Time_TimeDay2.swift; sourceTree = "<group>"; };
		33192A032A3E97E200FD0BAD /* Time_TimeLinePart.swift */ = {isa = PBXFileReference; lastKnownFileType = sourcecode.swift; path = Time_TimeLinePart.swift; sourceTree = "<group>"; };
		33192A052A3E97ED00FD0BAD /* Time_Callender.swift */ = {isa = PBXFileReference; lastKnownFileType = sourcecode.swift; path = Time_Callender.swift; sourceTree = "<group>"; };
		33192A072A3E980800FD0BAD /* Time_number.swift */ = {isa = PBXFileReference; lastKnownFileType = sourcecode.swift; path = Time_number.swift; sourceTree = "<group>"; };
		33AB610A2A239D8C0001AAAE /* Time_info.swift */ = {isa = PBXFileReference; lastKnownFileType = sourcecode.swift; path = Time_info.swift; sourceTree = "<group>"; };
		6F0C67622A0DDC690076658E /* GI_App_Project.app */ = {isa = PBXFileReference; explicitFileType = wrapper.application; includeInIndex = 0; path = GI_App_Project.app; sourceTree = BUILT_PRODUCTS_DIR; };
		6F0C67652A0DDC690076658E /* GI_App_ProjectApp.swift */ = {isa = PBXFileReference; lastKnownFileType = sourcecode.swift; path = GI_App_ProjectApp.swift; sourceTree = "<group>"; };
		6F0C67672A0DDC690076658E /* ContentView.swift */ = {isa = PBXFileReference; lastKnownFileType = sourcecode.swift; path = ContentView.swift; sourceTree = "<group>"; };
		6F0C67692A0DDC6A0076658E /* Assets.xcassets */ = {isa = PBXFileReference; lastKnownFileType = folder.assetcatalog; path = Assets.xcassets; sourceTree = "<group>"; };
		6F0C676C2A0DDC6A0076658E /* Preview Assets.xcassets */ = {isa = PBXFileReference; lastKnownFileType = folder.assetcatalog; path = "Preview Assets.xcassets"; sourceTree = "<group>"; };
		6F0C67722A0DDC6A0076658E /* GI_App_ProjectTests.xctest */ = {isa = PBXFileReference; explicitFileType = wrapper.cfbundle; includeInIndex = 0; path = GI_App_ProjectTests.xctest; sourceTree = BUILT_PRODUCTS_DIR; };
		6F0C67762A0DDC6A0076658E /* GI_App_ProjectTests.swift */ = {isa = PBXFileReference; lastKnownFileType = sourcecode.swift; path = GI_App_ProjectTests.swift; sourceTree = "<group>"; };
		6F0C677C2A0DDC6A0076658E /* GI_App_ProjectUITests.xctest */ = {isa = PBXFileReference; explicitFileType = wrapper.cfbundle; includeInIndex = 0; path = GI_App_ProjectUITests.xctest; sourceTree = BUILT_PRODUCTS_DIR; };
		6F0C67802A0DDC6A0076658E /* GI_App_ProjectUITests.swift */ = {isa = PBXFileReference; lastKnownFileType = sourcecode.swift; path = GI_App_ProjectUITests.swift; sourceTree = "<group>"; };
		6F0C67822A0DDC6A0076658E /* GI_App_ProjectUITestsLaunchTests.swift */ = {isa = PBXFileReference; lastKnownFileType = sourcecode.swift; path = GI_App_ProjectUITestsLaunchTests.swift; sourceTree = "<group>"; };
		6F0C678F2A0DDD700076658E /* .gitattributes */ = {isa = PBXFileReference; lastKnownFileType = text; path = .gitattributes; sourceTree = "<group>"; };
		6F0C67912A0DDE760076658E /* HomeView.swift */ = {isa = PBXFileReference; lastKnownFileType = sourcecode.swift; path = HomeView.swift; sourceTree = "<group>"; };
		6F0C67932A0DDE9B0076658E /* TimeView.swift */ = {isa = PBXFileReference; lastKnownFileType = sourcecode.swift; path = TimeView.swift; sourceTree = "<group>"; };
		6F0C67952A0DDEA90076658E /* MealView.swift */ = {isa = PBXFileReference; lastKnownFileType = sourcecode.swift; path = MealView.swift; sourceTree = "<group>"; };
		6F0C67972A0DDEB90076658E /* SettingView.swift */ = {isa = PBXFileReference; lastKnownFileType = sourcecode.swift; path = SettingView.swift; sourceTree = "<group>"; };
		6F0C67992A0DE0D30076658E /* Home_NoticePart.swift */ = {isa = PBXFileReference; lastKnownFileType = sourcecode.swift; path = Home_NoticePart.swift; sourceTree = "<group>"; };
		6F0C679B2A0DE3350076658E /* Home_MealPart.swift */ = {isa = PBXFileReference; lastKnownFileType = sourcecode.swift; path = Home_MealPart.swift; sourceTree = "<group>"; };
		6F0C679D2A11BD2E0076658E /* Home_TimeLinePart_One.swift */ = {isa = PBXFileReference; lastKnownFileType = sourcecode.swift; path = Home_TimeLinePart_One.swift; sourceTree = "<group>"; };
		6F0C67A12A1314D20076658E /* Home_TimeLinePart_selection.swift */ = {isa = PBXFileReference; lastKnownFileType = sourcecode.swift; path = Home_TimeLinePart_selection.swift; sourceTree = "<group>"; };
		6F32BD1E2A302E1C00D59A0F /* Logo.xcassets */ = {isa = PBXFileReference; lastKnownFileType = folder.assetcatalog; path = Logo.xcassets; sourceTree = "<group>"; };
		6F32BD5D2A32B9A000D59A0F /* StorageManager.swift */ = {isa = PBXFileReference; lastKnownFileType = sourcecode.swift; path = StorageManager.swift; sourceTree = "<group>"; };
		6F74E1432A3FEE9300D4E3DF /* OtherItems.xcassets */ = {isa = PBXFileReference; lastKnownFileType = folder.assetcatalog; path = OtherItems.xcassets; sourceTree = "<group>"; };
		6F74E15F2A3FF8A600D4E3DF /* Time_TimeBox.swift */ = {isa = PBXFileReference; lastKnownFileType = sourcecode.swift; path = Time_TimeBox.swift; sourceTree = "<group>"; };
		6F74E1612A4000B200D4E3DF /* LabSelectedButton.swift */ = {isa = PBXFileReference; lastKnownFileType = sourcecode.swift; path = LabSelectedButton.swift; sourceTree = "<group>"; };
		6F86A3072A1D9E30002A9119 /* MealDataFetcher.swift */ = {isa = PBXFileReference; lastKnownFileType = sourcecode.swift; path = MealDataFetcher.swift; sourceTree = "<group>"; };
		6F86A3492A26D557002A9119 /* GoogleService-Info.plist */ = {isa = PBXFileReference; fileEncoding = 4; lastKnownFileType = text.plist.xml; path = "GoogleService-Info.plist"; sourceTree = "<group>"; };
		6F86A3522A26D79C002A9119 /* MainView.swift */ = {isa = PBXFileReference; lastKnownFileType = sourcecode.swift; path = MainView.swift; sourceTree = "<group>"; };
		6F86A3542A26D8AE002A9119 /* AuthViewModel.swift */ = {isa = PBXFileReference; lastKnownFileType = sourcecode.swift; path = AuthViewModel.swift; sourceTree = "<group>"; };
		6F86A3562A26DD6A002A9119 /* User.swift */ = {isa = PBXFileReference; lastKnownFileType = sourcecode.swift; path = User.swift; sourceTree = "<group>"; };
		6F9AAA292A2823E800630A44 /* LoginState.swift */ = {isa = PBXFileReference; lastKnownFileType = sourcecode.swift; path = LoginState.swift; sourceTree = "<group>"; };
		6F9AAA2B2A2824AD00630A44 /* SignInView.swift */ = {isa = PBXFileReference; lastKnownFileType = sourcecode.swift; path = SignInView.swift; sourceTree = "<group>"; };
		6F9AAA2D2A2824C400630A44 /* SignUpView.swift */ = {isa = PBXFileReference; lastKnownFileType = sourcecode.swift; path = SignUpView.swift; sourceTree = "<group>"; };
		6F9AAA312A2824E600630A44 /* SignOutView.swift */ = {isa = PBXFileReference; lastKnownFileType = sourcecode.swift; path = SignOutView.swift; sourceTree = "<group>"; };
		6F9AAA332A282FF600630A44 /* Home_TimeLinePart_Two.swift */ = {isa = PBXFileReference; lastKnownFileType = sourcecode.swift; path = Home_TimeLinePart_Two.swift; sourceTree = "<group>"; };
		6F9AAA352A28300400630A44 /* Home_TimeLinePart_Three.swift */ = {isa = PBXFileReference; lastKnownFileType = sourcecode.swift; path = Home_TimeLinePart_Three.swift; sourceTree = "<group>"; };
		6F9AAA372A28301B00630A44 /* Home_TimeLinePart.swift */ = {isa = PBXFileReference; lastKnownFileType = sourcecode.swift; path = Home_TimeLinePart.swift; sourceTree = "<group>"; };
		6FA234F82A1C5F6D0083A774 /* MealData.swift */ = {isa = PBXFileReference; lastKnownFileType = sourcecode.swift; path = MealData.swift; sourceTree = "<group>"; };
/* End PBXFileReference section */

/* Begin PBXFrameworksBuildPhase section */
		6F0C675F2A0DDC690076658E /* Frameworks */ = {
			isa = PBXFrameworksBuildPhase;
			buildActionMask = 2147483647;
			files = (
				6F86A34D2A26D757002A9119 /* FirebaseAuth in Frameworks */,
				6F86A34F2A26D757002A9119 /* FirebaseFirestore in Frameworks */,
				6F86A3512A26D757002A9119 /* FirebaseFirestoreSwift in Frameworks */,
				6F32BD5C2A32B64C00D59A0F /* FirebaseStorage in Frameworks */,
				6F9AAA3B2A28362E00630A44 /* LookinServer in Frameworks */,
			);
			runOnlyForDeploymentPostprocessing = 0;
		};
		6F0C676F2A0DDC6A0076658E /* Frameworks */ = {
			isa = PBXFrameworksBuildPhase;
			buildActionMask = 2147483647;
			files = (
			);
			runOnlyForDeploymentPostprocessing = 0;
		};
		6F0C67792A0DDC6A0076658E /* Frameworks */ = {
			isa = PBXFrameworksBuildPhase;
			buildActionMask = 2147483647;
			files = (
			);
			runOnlyForDeploymentPostprocessing = 0;
		};
/* End PBXFrameworksBuildPhase section */

/* Begin PBXGroup section */
		33AB61052A23849E0001AAAE /* Home */ = {
			isa = PBXGroup;
			children = (
				6F0C67912A0DDE760076658E /* HomeView.swift */,
				6F0C67992A0DE0D30076658E /* Home_NoticePart.swift */,
				6F0C679B2A0DE3350076658E /* Home_MealPart.swift */,
				6F9AAA372A28301B00630A44 /* Home_TimeLinePart.swift */,
				6F0C679D2A11BD2E0076658E /* Home_TimeLinePart_One.swift */,
				6F9AAA332A282FF600630A44 /* Home_TimeLinePart_Two.swift */,
				6F9AAA352A28300400630A44 /* Home_TimeLinePart_Three.swift */,
				6F0C67A12A1314D20076658E /* Home_TimeLinePart_selection.swift */,
			);
			path = Home;
			sourceTree = "<group>";
		};
		33AB61072A2385320001AAAE /* Time */ = {
			isa = PBXGroup;
			children = (
				6F0C67932A0DDE9B0076658E /* TimeView.swift */,
				33AB610A2A239D8C0001AAAE /* Time_info.swift */,
				331929F92A3E978F00FD0BAD /* Time_TimeBoxPart.swift */,
				331929FD2A3E97B800FD0BAD /* Time_TimeDay.swift */,
				331929FF2A3E97C300FD0BAD /* Time_TimeDay1.swift */,
				33192A012A3E97CE00FD0BAD /* Time_TimeDay2.swift */,
				33192A032A3E97E200FD0BAD /* Time_TimeLinePart.swift */,
				33192A052A3E97ED00FD0BAD /* Time_Callender.swift */,
				33192A072A3E980800FD0BAD /* Time_number.swift */,
				6F74E15F2A3FF8A600D4E3DF /* Time_TimeBox.swift */,
			);
			path = Time;
			sourceTree = "<group>";
		};
		33AB61082A23853C0001AAAE /* Meal */ = {
			isa = PBXGroup;
			children = (
				6F0C67952A0DDEA90076658E /* MealView.swift */,
			);
			path = Meal;
			sourceTree = "<group>";
		};
		33AB61092A2385430001AAAE /* Setting */ = {
			isa = PBXGroup;
			children = (
				6F0C67972A0DDEB90076658E /* SettingView.swift */,
				331929F52A3E968800FD0BAD /* Setting_Title.swift */,
				331929F72A3E969400FD0BAD /* Setting_sub.swift */,
			);
			path = Setting;
			sourceTree = "<group>";
		};
		6F0C67592A0DDC690076658E = {
			isa = PBXGroup;
			children = (
				6F0C678F2A0DDD700076658E /* .gitattributes */,
				6F0C67642A0DDC690076658E /* GI_App_Project */,
				6F0C67752A0DDC6A0076658E /* GI_App_ProjectTests */,
				6F0C677F2A0DDC6A0076658E /* GI_App_ProjectUITests */,
				6F0C67632A0DDC690076658E /* Products */,
				6F32BD5A2A32B64C00D59A0F /* Frameworks */,
			);
			sourceTree = "<group>";
		};
		6F0C67632A0DDC690076658E /* Products */ = {
			isa = PBXGroup;
			children = (
				6F0C67622A0DDC690076658E /* GI_App_Project.app */,
				6F0C67722A0DDC6A0076658E /* GI_App_ProjectTests.xctest */,
				6F0C677C2A0DDC6A0076658E /* GI_App_ProjectUITests.xctest */,
			);
			name = Products;
			sourceTree = "<group>";
		};
		6F0C67642A0DDC690076658E /* GI_App_Project */ = {
			isa = PBXGroup;
			children = (
				6F86A3492A26D557002A9119 /* GoogleService-Info.plist */,
				6F0C67652A0DDC690076658E /* GI_App_ProjectApp.swift */,
				6F86A3522A26D79C002A9119 /* MainView.swift */,
				6F0C67672A0DDC690076658E /* ContentView.swift */,
				33AB61052A23849E0001AAAE /* Home */,
				33AB61072A2385320001AAAE /* Time */,
				33AB61092A2385430001AAAE /* Setting */,
				33AB61082A23853C0001AAAE /* Meal */,
				6F0C676B2A0DDC6A0076658E /* Preview Content */,
				6FA234F82A1C5F6D0083A774 /* MealData.swift */,
				6F86A3072A1D9E30002A9119 /* MealDataFetcher.swift */,
				6F32BD5D2A32B9A000D59A0F /* StorageManager.swift */,
				6F9AAA292A2823E800630A44 /* LoginState.swift */,
				6F9AAA2B2A2824AD00630A44 /* SignInView.swift */,
				6F9AAA2D2A2824C400630A44 /* SignUpView.swift */,
				6F74E1612A4000B200D4E3DF /* LabSelectedButton.swift */,
				6F86A3542A26D8AE002A9119 /* AuthViewModel.swift */,
				6F86A3562A26DD6A002A9119 /* User.swift */,
				6F9AAA312A2824E600630A44 /* SignOutView.swift */,
				6F74E1432A3FEE9300D4E3DF /* OtherItems.xcassets */,
				6F32BD1E2A302E1C00D59A0F /* Logo.xcassets */,
			);
			path = GI_App_Project;
			sourceTree = "<group>";
		};
		6F0C676B2A0DDC6A0076658E /* Preview Content */ = {
			isa = PBXGroup;
			children = (
				6F0C676C2A0DDC6A0076658E /* Preview Assets.xcassets */,
				6F0C67692A0DDC6A0076658E /* Assets.xcassets */,
			);
			path = "Preview Content";
			sourceTree = "<group>";
		};
		6F0C67752A0DDC6A0076658E /* GI_App_ProjectTests */ = {
			isa = PBXGroup;
			children = (
				6F0C67762A0DDC6A0076658E /* GI_App_ProjectTests.swift */,
			);
			path = GI_App_ProjectTests;
			sourceTree = "<group>";
		};
		6F0C677F2A0DDC6A0076658E /* GI_App_ProjectUITests */ = {
			isa = PBXGroup;
			children = (
				6F0C67802A0DDC6A0076658E /* GI_App_ProjectUITests.swift */,
				6F0C67822A0DDC6A0076658E /* GI_App_ProjectUITestsLaunchTests.swift */,
			);
			path = GI_App_ProjectUITests;
			sourceTree = "<group>";
		};
		6F32BD5A2A32B64C00D59A0F /* Frameworks */ = {
			isa = PBXGroup;
			children = (
			);
			name = Frameworks;
			sourceTree = "<group>";
		};
/* End PBXGroup section */

/* Begin PBXNativeTarget section */
		6F0C67612A0DDC690076658E /* GI_App_Project */ = {
			isa = PBXNativeTarget;
			buildConfigurationList = 6F0C67862A0DDC6A0076658E /* Build configuration list for PBXNativeTarget "GI_App_Project" */;
			buildPhases = (
				6F0C675E2A0DDC690076658E /* Sources */,
				6F0C675F2A0DDC690076658E /* Frameworks */,
				6F0C67602A0DDC690076658E /* Resources */,
			);
			buildRules = (
			);
			dependencies = (
			);
			name = GI_App_Project;
			packageProductDependencies = (
				6F86A34C2A26D757002A9119 /* FirebaseAuth */,
				6F86A34E2A26D757002A9119 /* FirebaseFirestore */,
				6F86A3502A26D757002A9119 /* FirebaseFirestoreSwift */,
				6F9AAA3A2A28362E00630A44 /* LookinServer */,
				6F32BD5B2A32B64C00D59A0F /* FirebaseStorage */,
			);
			productName = GI_App_Project;
			productReference = 6F0C67622A0DDC690076658E /* GI_App_Project.app */;
			productType = "com.apple.product-type.application";
		};
		6F0C67712A0DDC6A0076658E /* GI_App_ProjectTests */ = {
			isa = PBXNativeTarget;
			buildConfigurationList = 6F0C67892A0DDC6A0076658E /* Build configuration list for PBXNativeTarget "GI_App_ProjectTests" */;
			buildPhases = (
				6F0C676E2A0DDC6A0076658E /* Sources */,
				6F0C676F2A0DDC6A0076658E /* Frameworks */,
				6F0C67702A0DDC6A0076658E /* Resources */,
			);
			buildRules = (
			);
			dependencies = (
				6F0C67742A0DDC6A0076658E /* PBXTargetDependency */,
			);
			name = GI_App_ProjectTests;
			productName = GI_App_ProjectTests;
			productReference = 6F0C67722A0DDC6A0076658E /* GI_App_ProjectTests.xctest */;
			productType = "com.apple.product-type.bundle.unit-test";
		};
		6F0C677B2A0DDC6A0076658E /* GI_App_ProjectUITests */ = {
			isa = PBXNativeTarget;
			buildConfigurationList = 6F0C678C2A0DDC6A0076658E /* Build configuration list for PBXNativeTarget "GI_App_ProjectUITests" */;
			buildPhases = (
				6F0C67782A0DDC6A0076658E /* Sources */,
				6F0C67792A0DDC6A0076658E /* Frameworks */,
				6F0C677A2A0DDC6A0076658E /* Resources */,
			);
			buildRules = (
			);
			dependencies = (
				6F0C677E2A0DDC6A0076658E /* PBXTargetDependency */,
			);
			name = GI_App_ProjectUITests;
			productName = GI_App_ProjectUITests;
			productReference = 6F0C677C2A0DDC6A0076658E /* GI_App_ProjectUITests.xctest */;
			productType = "com.apple.product-type.bundle.ui-testing";
		};
/* End PBXNativeTarget section */

/* Begin PBXProject section */
		6F0C675A2A0DDC690076658E /* Project object */ = {
			isa = PBXProject;
			attributes = {
				BuildIndependentTargetsInParallel = 1;
				LastSwiftUpdateCheck = 1430;
				LastUpgradeCheck = 1430;
				TargetAttributes = {
					6F0C67612A0DDC690076658E = {
						CreatedOnToolsVersion = 14.3;
					};
					6F0C67712A0DDC6A0076658E = {
						CreatedOnToolsVersion = 14.3;
						TestTargetID = 6F0C67612A0DDC690076658E;
					};
					6F0C677B2A0DDC6A0076658E = {
						CreatedOnToolsVersion = 14.3;
						TestTargetID = 6F0C67612A0DDC690076658E;
					};
				};
			};
			buildConfigurationList = 6F0C675D2A0DDC690076658E /* Build configuration list for PBXProject "GI_App_Project" */;
			compatibilityVersion = "Xcode 14.0";
			developmentRegion = en;
			hasScannedForEncodings = 0;
			knownRegions = (
				en,
				Base,
			);
			mainGroup = 6F0C67592A0DDC690076658E;
			packageReferences = (
				6F86A34B2A26D757002A9119 /* XCRemoteSwiftPackageReference "firebase-ios-sdk" */,
				6F9AAA392A28362E00630A44 /* XCRemoteSwiftPackageReference "LookinServer" */,
			);
			productRefGroup = 6F0C67632A0DDC690076658E /* Products */;
			projectDirPath = "";
			projectRoot = "";
			targets = (
				6F0C67612A0DDC690076658E /* GI_App_Project */,
				6F0C67712A0DDC6A0076658E /* GI_App_ProjectTests */,
				6F0C677B2A0DDC6A0076658E /* GI_App_ProjectUITests */,
			);
		};
/* End PBXProject section */

/* Begin PBXResourcesBuildPhase section */
		6F0C67602A0DDC690076658E /* Resources */ = {
			isa = PBXResourcesBuildPhase;
			buildActionMask = 2147483647;
			files = (
				6F0C676D2A0DDC6A0076658E /* Preview Assets.xcassets in Resources */,
				6F86A34A2A26D557002A9119 /* GoogleService-Info.plist in Resources */,
				6F0C67902A0DDD700076658E /* .gitattributes in Resources */,
				6F0C676A2A0DDC6A0076658E /* Assets.xcassets in Resources */,
				6F32BD1F2A302E1D00D59A0F /* Logo.xcassets in Resources */,
				6F74E1442A3FEE9300D4E3DF /* OtherItems.xcassets in Resources */,
			);
			runOnlyForDeploymentPostprocessing = 0;
		};
		6F0C67702A0DDC6A0076658E /* Resources */ = {
			isa = PBXResourcesBuildPhase;
			buildActionMask = 2147483647;
			files = (
			);
			runOnlyForDeploymentPostprocessing = 0;
		};
		6F0C677A2A0DDC6A0076658E /* Resources */ = {
			isa = PBXResourcesBuildPhase;
			buildActionMask = 2147483647;
			files = (
			);
			runOnlyForDeploymentPostprocessing = 0;
		};
/* End PBXResourcesBuildPhase section */

/* Begin PBXSourcesBuildPhase section */
		6F0C675E2A0DDC690076658E /* Sources */ = {
			isa = PBXSourcesBuildPhase;
			buildActionMask = 2147483647;
			files = (
				6F74E1622A4000B300D4E3DF /* LabSelectedButton.swift in Sources */,
				33192A062A3E97ED00FD0BAD /* Time_Callender.swift in Sources */,
				6F0C67922A0DDE760076658E /* HomeView.swift in Sources */,
				6F9AAA2A2A2823E900630A44 /* LoginState.swift in Sources */,
				6F74E1602A3FF8A600D4E3DF /* Time_TimeBox.swift in Sources */,
				6F32BD5E2A32B9A000D59A0F /* StorageManager.swift in Sources */,
				6F0C67A22A1314D20076658E /* Home_TimeLinePart_selection.swift in Sources */,
				6F86A3082A1D9E30002A9119 /* MealDataFetcher.swift in Sources */,
				6F0C679A2A0DE0D30076658E /* Home_NoticePart.swift in Sources */,
				6F0C679E2A11BD2E0076658E /* Home_TimeLinePart_One.swift in Sources */,
				6FA234F92A1C5F6D0083A774 /* MealData.swift in Sources */,
				6F9AAA382A28301B00630A44 /* Home_TimeLinePart.swift in Sources */,
				6F9AAA322A2824E600630A44 /* SignOutView.swift in Sources */,
				33192A082A3E980800FD0BAD /* Time_number.swift in Sources */,
				6F86A3572A26DD6A002A9119 /* User.swift in Sources */,
				6F0C67682A0DDC690076658E /* ContentView.swift in Sources */,
				33192A002A3E97C300FD0BAD /* Time_TimeDay1.swift in Sources */,
				6F9AAA2C2A2824AD00630A44 /* SignInView.swift in Sources */,
				33192A042A3E97E200FD0BAD /* Time_TimeLinePart.swift in Sources */,
				6F0C67662A0DDC690076658E /* GI_App_ProjectApp.swift in Sources */,
				6F86A3532A26D79D002A9119 /* MainView.swift in Sources */,
				331929F82A3E969400FD0BAD /* Setting_sub.swift in Sources */,
				6F0C679C2A0DE3350076658E /* Home_MealPart.swift in Sources */,
				331929F62A3E968800FD0BAD /* Setting_Title.swift in Sources */,
				6F0C67982A0DDEB90076658E /* SettingView.swift in Sources */,
				6F86A3552A26D8AE002A9119 /* AuthViewModel.swift in Sources */,
				6F9AAA2E2A2824C400630A44 /* SignUpView.swift in Sources */,
				6F9AAA362A28300400630A44 /* Home_TimeLinePart_Three.swift in Sources */,
				33AB610B2A239D8C0001AAAE /* Time_info.swift in Sources */,
				331929FE2A3E97B800FD0BAD /* Time_TimeDay.swift in Sources */,
				6F0C67942A0DDE9B0076658E /* TimeView.swift in Sources */,
				6F9AAA342A282FF600630A44 /* Home_TimeLinePart_Two.swift in Sources */,
				33192A022A3E97CE00FD0BAD /* Time_TimeDay2.swift in Sources */,
				331929FA2A3E978F00FD0BAD /* Time_TimeBoxPart.swift in Sources */,
				6F0C67962A0DDEA90076658E /* MealView.swift in Sources */,
			);
			runOnlyForDeploymentPostprocessing = 0;
		};
		6F0C676E2A0DDC6A0076658E /* Sources */ = {
			isa = PBXSourcesBuildPhase;
			buildActionMask = 2147483647;
			files = (
				6F0C67772A0DDC6A0076658E /* GI_App_ProjectTests.swift in Sources */,
			);
			runOnlyForDeploymentPostprocessing = 0;
		};
		6F0C67782A0DDC6A0076658E /* Sources */ = {
			isa = PBXSourcesBuildPhase;
			buildActionMask = 2147483647;
			files = (
				6F0C67832A0DDC6A0076658E /* GI_App_ProjectUITestsLaunchTests.swift in Sources */,
				6F0C67812A0DDC6A0076658E /* GI_App_ProjectUITests.swift in Sources */,
			);
			runOnlyForDeploymentPostprocessing = 0;
		};
/* End PBXSourcesBuildPhase section */

/* Begin PBXTargetDependency section */
		6F0C67742A0DDC6A0076658E /* PBXTargetDependency */ = {
			isa = PBXTargetDependency;
			target = 6F0C67612A0DDC690076658E /* GI_App_Project */;
			targetProxy = 6F0C67732A0DDC6A0076658E /* PBXContainerItemProxy */;
		};
		6F0C677E2A0DDC6A0076658E /* PBXTargetDependency */ = {
			isa = PBXTargetDependency;
			target = 6F0C67612A0DDC690076658E /* GI_App_Project */;
			targetProxy = 6F0C677D2A0DDC6A0076658E /* PBXContainerItemProxy */;
		};
/* End PBXTargetDependency section */

/* Begin XCBuildConfiguration section */
		6F0C67842A0DDC6A0076658E /* Debug */ = {
			isa = XCBuildConfiguration;
			buildSettings = {
				ALWAYS_SEARCH_USER_PATHS = NO;
				CLANG_ANALYZER_NONNULL = YES;
				CLANG_ANALYZER_NUMBER_OBJECT_CONVERSION = YES_AGGRESSIVE;
				CLANG_CXX_LANGUAGE_STANDARD = "gnu++20";
				CLANG_ENABLE_MODULES = YES;
				CLANG_ENABLE_OBJC_ARC = YES;
				CLANG_ENABLE_OBJC_WEAK = YES;
				CLANG_WARN_BLOCK_CAPTURE_AUTORELEASING = YES;
				CLANG_WARN_BOOL_CONVERSION = YES;
				CLANG_WARN_COMMA = YES;
				CLANG_WARN_CONSTANT_CONVERSION = YES;
				CLANG_WARN_DEPRECATED_OBJC_IMPLEMENTATIONS = YES;
				CLANG_WARN_DIRECT_OBJC_ISA_USAGE = YES_ERROR;
				CLANG_WARN_DOCUMENTATION_COMMENTS = YES;
				CLANG_WARN_EMPTY_BODY = YES;
				CLANG_WARN_ENUM_CONVERSION = YES;
				CLANG_WARN_INFINITE_RECURSION = YES;
				CLANG_WARN_INT_CONVERSION = YES;
				CLANG_WARN_NON_LITERAL_NULL_CONVERSION = YES;
				CLANG_WARN_OBJC_IMPLICIT_RETAIN_SELF = YES;
				CLANG_WARN_OBJC_LITERAL_CONVERSION = YES;
				CLANG_WARN_OBJC_ROOT_CLASS = YES_ERROR;
				CLANG_WARN_QUOTED_INCLUDE_IN_FRAMEWORK_HEADER = YES;
				CLANG_WARN_RANGE_LOOP_ANALYSIS = YES;
				CLANG_WARN_STRICT_PROTOTYPES = YES;
				CLANG_WARN_SUSPICIOUS_MOVE = YES;
				CLANG_WARN_UNGUARDED_AVAILABILITY = YES_AGGRESSIVE;
				CLANG_WARN_UNREACHABLE_CODE = YES;
				CLANG_WARN__DUPLICATE_METHOD_MATCH = YES;
				COPY_PHASE_STRIP = NO;
				DEBUG_INFORMATION_FORMAT = dwarf;
				ENABLE_STRICT_OBJC_MSGSEND = YES;
				ENABLE_TESTABILITY = YES;
				GCC_C_LANGUAGE_STANDARD = gnu11;
				GCC_DYNAMIC_NO_PIC = NO;
				GCC_NO_COMMON_BLOCKS = YES;
				GCC_OPTIMIZATION_LEVEL = 0;
				GCC_PREPROCESSOR_DEFINITIONS = (
					"DEBUG=1",
					"$(inherited)",
				);
				GCC_WARN_64_TO_32_BIT_CONVERSION = YES;
				GCC_WARN_ABOUT_RETURN_TYPE = YES_ERROR;
				GCC_WARN_UNDECLARED_SELECTOR = YES;
				GCC_WARN_UNINITIALIZED_AUTOS = YES_AGGRESSIVE;
				GCC_WARN_UNUSED_FUNCTION = YES;
				GCC_WARN_UNUSED_VARIABLE = YES;
				IPHONEOS_DEPLOYMENT_TARGET = 16.4;
				MTL_ENABLE_DEBUG_INFO = INCLUDE_SOURCE;
				MTL_FAST_MATH = YES;
				ONLY_ACTIVE_ARCH = YES;
				SDKROOT = iphoneos;
				SWIFT_ACTIVE_COMPILATION_CONDITIONS = DEBUG;
				SWIFT_OPTIMIZATION_LEVEL = "-Onone";
			};
			name = Debug;
		};
		6F0C67852A0DDC6A0076658E /* Release */ = {
			isa = XCBuildConfiguration;
			buildSettings = {
				ALWAYS_SEARCH_USER_PATHS = NO;
				CLANG_ANALYZER_NONNULL = YES;
				CLANG_ANALYZER_NUMBER_OBJECT_CONVERSION = YES_AGGRESSIVE;
				CLANG_CXX_LANGUAGE_STANDARD = "gnu++20";
				CLANG_ENABLE_MODULES = YES;
				CLANG_ENABLE_OBJC_ARC = YES;
				CLANG_ENABLE_OBJC_WEAK = YES;
				CLANG_WARN_BLOCK_CAPTURE_AUTORELEASING = YES;
				CLANG_WARN_BOOL_CONVERSION = YES;
				CLANG_WARN_COMMA = YES;
				CLANG_WARN_CONSTANT_CONVERSION = YES;
				CLANG_WARN_DEPRECATED_OBJC_IMPLEMENTATIONS = YES;
				CLANG_WARN_DIRECT_OBJC_ISA_USAGE = YES_ERROR;
				CLANG_WARN_DOCUMENTATION_COMMENTS = YES;
				CLANG_WARN_EMPTY_BODY = YES;
				CLANG_WARN_ENUM_CONVERSION = YES;
				CLANG_WARN_INFINITE_RECURSION = YES;
				CLANG_WARN_INT_CONVERSION = YES;
				CLANG_WARN_NON_LITERAL_NULL_CONVERSION = YES;
				CLANG_WARN_OBJC_IMPLICIT_RETAIN_SELF = YES;
				CLANG_WARN_OBJC_LITERAL_CONVERSION = YES;
				CLANG_WARN_OBJC_ROOT_CLASS = YES_ERROR;
				CLANG_WARN_QUOTED_INCLUDE_IN_FRAMEWORK_HEADER = YES;
				CLANG_WARN_RANGE_LOOP_ANALYSIS = YES;
				CLANG_WARN_STRICT_PROTOTYPES = YES;
				CLANG_WARN_SUSPICIOUS_MOVE = YES;
				CLANG_WARN_UNGUARDED_AVAILABILITY = YES_AGGRESSIVE;
				CLANG_WARN_UNREACHABLE_CODE = YES;
				CLANG_WARN__DUPLICATE_METHOD_MATCH = YES;
				COPY_PHASE_STRIP = NO;
				DEBUG_INFORMATION_FORMAT = "dwarf-with-dsym";
				ENABLE_NS_ASSERTIONS = NO;
				ENABLE_STRICT_OBJC_MSGSEND = YES;
				GCC_C_LANGUAGE_STANDARD = gnu11;
				GCC_NO_COMMON_BLOCKS = YES;
				GCC_WARN_64_TO_32_BIT_CONVERSION = YES;
				GCC_WARN_ABOUT_RETURN_TYPE = YES_ERROR;
				GCC_WARN_UNDECLARED_SELECTOR = YES;
				GCC_WARN_UNINITIALIZED_AUTOS = YES_AGGRESSIVE;
				GCC_WARN_UNUSED_FUNCTION = YES;
				GCC_WARN_UNUSED_VARIABLE = YES;
				IPHONEOS_DEPLOYMENT_TARGET = 16.4;
				MTL_ENABLE_DEBUG_INFO = NO;
				MTL_FAST_MATH = YES;
				SDKROOT = iphoneos;
				SWIFT_COMPILATION_MODE = wholemodule;
				SWIFT_OPTIMIZATION_LEVEL = "-O";
				VALIDATE_PRODUCT = YES;
			};
			name = Release;
		};
		6F0C67872A0DDC6A0076658E /* Debug */ = {
			isa = XCBuildConfiguration;
			buildSettings = {
				ASSETCATALOG_COMPILER_APPICON_NAME = AppIcon;
				ASSETCATALOG_COMPILER_GLOBAL_ACCENT_COLOR_NAME = AccentColor;
				CODE_SIGN_STYLE = Automatic;
				CURRENT_PROJECT_VERSION = 1;
				DEVELOPMENT_ASSET_PATHS = "\"GI_App_Project/Preview Content\"";
				DEVELOPMENT_TEAM = RQV3Y9DWQ3;
				ENABLE_PREVIEWS = YES;
				GENERATE_INFOPLIST_FILE = YES;
				INFOPLIST_KEY_UIApplicationSceneManifest_Generation = YES;
				INFOPLIST_KEY_UIApplicationSupportsIndirectInputEvents = YES;
				INFOPLIST_KEY_UILaunchScreen_Generation = YES;
				INFOPLIST_KEY_UISupportedInterfaceOrientations_iPad = "UIInterfaceOrientationPortrait UIInterfaceOrientationPortraitUpsideDown UIInterfaceOrientationLandscapeLeft UIInterfaceOrientationLandscapeRight";
				INFOPLIST_KEY_UISupportedInterfaceOrientations_iPhone = "UIInterfaceOrientationPortrait UIInterfaceOrientationLandscapeLeft UIInterfaceOrientationLandscapeRight";
				LD_RUNPATH_SEARCH_PATHS = (
					"$(inherited)",
					"@executable_path/Frameworks",
				);
				MARKETING_VERSION = 1.0;
				PRODUCT_BUNDLE_IDENTIFIER = "hprize.GI-App-Project";
				PRODUCT_NAME = "$(TARGET_NAME)";
				SWIFT_EMIT_LOC_STRINGS = YES;
				SWIFT_VERSION = 5.0;
				TARGETED_DEVICE_FAMILY = "1,2";
			};
			name = Debug;
		};
		6F0C67882A0DDC6A0076658E /* Release */ = {
			isa = XCBuildConfiguration;
			buildSettings = {
				ASSETCATALOG_COMPILER_APPICON_NAME = AppIcon;
				ASSETCATALOG_COMPILER_GLOBAL_ACCENT_COLOR_NAME = AccentColor;
				CODE_SIGN_STYLE = Automatic;
				CURRENT_PROJECT_VERSION = 1;
				DEVELOPMENT_ASSET_PATHS = "\"GI_App_Project/Preview Content\"";
				DEVELOPMENT_TEAM = RQV3Y9DWQ3;
				ENABLE_PREVIEWS = YES;
				GENERATE_INFOPLIST_FILE = YES;
				INFOPLIST_KEY_UIApplicationSceneManifest_Generation = YES;
				INFOPLIST_KEY_UIApplicationSupportsIndirectInputEvents = YES;
				INFOPLIST_KEY_UILaunchScreen_Generation = YES;
				INFOPLIST_KEY_UISupportedInterfaceOrientations_iPad = "UIInterfaceOrientationPortrait UIInterfaceOrientationPortraitUpsideDown UIInterfaceOrientationLandscapeLeft UIInterfaceOrientationLandscapeRight";
				INFOPLIST_KEY_UISupportedInterfaceOrientations_iPhone = "UIInterfaceOrientationPortrait UIInterfaceOrientationLandscapeLeft UIInterfaceOrientationLandscapeRight";
				LD_RUNPATH_SEARCH_PATHS = (
					"$(inherited)",
					"@executable_path/Frameworks",
				);
				MARKETING_VERSION = 1.0;
				PRODUCT_BUNDLE_IDENTIFIER = "hprize.GI-App-Project";
				PRODUCT_NAME = "$(TARGET_NAME)";
				SWIFT_EMIT_LOC_STRINGS = YES;
				SWIFT_VERSION = 5.0;
				TARGETED_DEVICE_FAMILY = "1,2";
			};
			name = Release;
		};
		6F0C678A2A0DDC6A0076658E /* Debug */ = {
			isa = XCBuildConfiguration;
			buildSettings = {
				ALWAYS_EMBED_SWIFT_STANDARD_LIBRARIES = YES;
				BUNDLE_LOADER = "$(TEST_HOST)";
				CODE_SIGN_STYLE = Automatic;
				CURRENT_PROJECT_VERSION = 1;
				GENERATE_INFOPLIST_FILE = YES;
				IPHONEOS_DEPLOYMENT_TARGET = 16.4;
				MARKETING_VERSION = 1.0;
				PRODUCT_BUNDLE_IDENTIFIER = "hprize.GI-App-ProjectTests";
				PRODUCT_NAME = "$(TARGET_NAME)";
				SWIFT_EMIT_LOC_STRINGS = NO;
				SWIFT_VERSION = 5.0;
				TARGETED_DEVICE_FAMILY = "1,2";
				TEST_HOST = "$(BUILT_PRODUCTS_DIR)/GI_App_Project.app/$(BUNDLE_EXECUTABLE_FOLDER_PATH)/GI_App_Project";
			};
			name = Debug;
		};
		6F0C678B2A0DDC6A0076658E /* Release */ = {
			isa = XCBuildConfiguration;
			buildSettings = {
				ALWAYS_EMBED_SWIFT_STANDARD_LIBRARIES = YES;
				BUNDLE_LOADER = "$(TEST_HOST)";
				CODE_SIGN_STYLE = Automatic;
				CURRENT_PROJECT_VERSION = 1;
				GENERATE_INFOPLIST_FILE = YES;
				IPHONEOS_DEPLOYMENT_TARGET = 16.4;
				MARKETING_VERSION = 1.0;
				PRODUCT_BUNDLE_IDENTIFIER = "hprize.GI-App-ProjectTests";
				PRODUCT_NAME = "$(TARGET_NAME)";
				SWIFT_EMIT_LOC_STRINGS = NO;
				SWIFT_VERSION = 5.0;
				TARGETED_DEVICE_FAMILY = "1,2";
				TEST_HOST = "$(BUILT_PRODUCTS_DIR)/GI_App_Project.app/$(BUNDLE_EXECUTABLE_FOLDER_PATH)/GI_App_Project";
			};
			name = Release;
		};
		6F0C678D2A0DDC6A0076658E /* Debug */ = {
			isa = XCBuildConfiguration;
			buildSettings = {
				ALWAYS_EMBED_SWIFT_STANDARD_LIBRARIES = YES;
				CODE_SIGN_STYLE = Automatic;
				CURRENT_PROJECT_VERSION = 1;
				GENERATE_INFOPLIST_FILE = YES;
				MARKETING_VERSION = 1.0;
				PRODUCT_BUNDLE_IDENTIFIER = "hprize.GI-App-ProjectUITests";
				PRODUCT_NAME = "$(TARGET_NAME)";
				SWIFT_EMIT_LOC_STRINGS = NO;
				SWIFT_VERSION = 5.0;
				TARGETED_DEVICE_FAMILY = "1,2";
				TEST_TARGET_NAME = GI_App_Project;
			};
			name = Debug;
		};
		6F0C678E2A0DDC6A0076658E /* Release */ = {
			isa = XCBuildConfiguration;
			buildSettings = {
				ALWAYS_EMBED_SWIFT_STANDARD_LIBRARIES = YES;
				CODE_SIGN_STYLE = Automatic;
				CURRENT_PROJECT_VERSION = 1;
				GENERATE_INFOPLIST_FILE = YES;
				MARKETING_VERSION = 1.0;
				PRODUCT_BUNDLE_IDENTIFIER = "hprize.GI-App-ProjectUITests";
				PRODUCT_NAME = "$(TARGET_NAME)";
				SWIFT_EMIT_LOC_STRINGS = NO;
				SWIFT_VERSION = 5.0;
				TARGETED_DEVICE_FAMILY = "1,2";
				TEST_TARGET_NAME = GI_App_Project;
			};
			name = Release;
		};
/* End XCBuildConfiguration section */

/* Begin XCConfigurationList section */
		6F0C675D2A0DDC690076658E /* Build configuration list for PBXProject "GI_App_Project" */ = {
			isa = XCConfigurationList;
			buildConfigurations = (
				6F0C67842A0DDC6A0076658E /* Debug */,
				6F0C67852A0DDC6A0076658E /* Release */,
			);
			defaultConfigurationIsVisible = 0;
			defaultConfigurationName = Release;
		};
		6F0C67862A0DDC6A0076658E /* Build configuration list for PBXNativeTarget "GI_App_Project" */ = {
			isa = XCConfigurationList;
			buildConfigurations = (
				6F0C67872A0DDC6A0076658E /* Debug */,
				6F0C67882A0DDC6A0076658E /* Release */,
			);
			defaultConfigurationIsVisible = 0;
			defaultConfigurationName = Release;
		};
		6F0C67892A0DDC6A0076658E /* Build configuration list for PBXNativeTarget "GI_App_ProjectTests" */ = {
			isa = XCConfigurationList;
			buildConfigurations = (
				6F0C678A2A0DDC6A0076658E /* Debug */,
				6F0C678B2A0DDC6A0076658E /* Release */,
			);
			defaultConfigurationIsVisible = 0;
			defaultConfigurationName = Release;
		};
		6F0C678C2A0DDC6A0076658E /* Build configuration list for PBXNativeTarget "GI_App_ProjectUITests" */ = {
			isa = XCConfigurationList;
			buildConfigurations = (
				6F0C678D2A0DDC6A0076658E /* Debug */,
				6F0C678E2A0DDC6A0076658E /* Release */,
			);
			defaultConfigurationIsVisible = 0;
			defaultConfigurationName = Release;
		};
/* End XCConfigurationList section */

/* Begin XCRemoteSwiftPackageReference section */
		6F86A34B2A26D757002A9119 /* XCRemoteSwiftPackageReference "firebase-ios-sdk" */ = {
			isa = XCRemoteSwiftPackageReference;
			repositoryURL = "https://github.com/firebase/firebase-ios-sdk";
			requirement = {
				kind = upToNextMajorVersion;
				minimumVersion = 10.0.0;
			};
		};
		6F9AAA392A28362E00630A44 /* XCRemoteSwiftPackageReference "LookinServer" */ = {
			isa = XCRemoteSwiftPackageReference;
			repositoryURL = "https://github.com/QMUI/LookinServer/";
			requirement = {
				kind = upToNextMajorVersion;
				minimumVersion = 1.0.0;
			};
		};
/* End XCRemoteSwiftPackageReference section */

/* Begin XCSwiftPackageProductDependency section */
		6F32BD5B2A32B64C00D59A0F /* FirebaseStorage */ = {
			isa = XCSwiftPackageProductDependency;
			package = 6F86A34B2A26D757002A9119 /* XCRemoteSwiftPackageReference "firebase-ios-sdk" */;
			productName = FirebaseStorage;
		};
		6F86A34C2A26D757002A9119 /* FirebaseAuth */ = {
			isa = XCSwiftPackageProductDependency;
			package = 6F86A34B2A26D757002A9119 /* XCRemoteSwiftPackageReference "firebase-ios-sdk" */;
			productName = FirebaseAuth;
		};
		6F86A34E2A26D757002A9119 /* FirebaseFirestore */ = {
			isa = XCSwiftPackageProductDependency;
			package = 6F86A34B2A26D757002A9119 /* XCRemoteSwiftPackageReference "firebase-ios-sdk" */;
			productName = FirebaseFirestore;
		};
		6F86A3502A26D757002A9119 /* FirebaseFirestoreSwift */ = {
			isa = XCSwiftPackageProductDependency;
			package = 6F86A34B2A26D757002A9119 /* XCRemoteSwiftPackageReference "firebase-ios-sdk" */;
			productName = FirebaseFirestoreSwift;
		};
		6F9AAA3A2A28362E00630A44 /* LookinServer */ = {
			isa = XCSwiftPackageProductDependency;
			package = 6F9AAA392A28362E00630A44 /* XCRemoteSwiftPackageReference "LookinServer" */;
			productName = LookinServer;
		};
/* End XCSwiftPackageProductDependency section */
	};
	rootObject = 6F0C675A2A0DDC690076658E /* Project object */;
}
